
Microsoft Visual Studio Solution File, Format Version 12.00
# Visual Studio Version 16
VisualStudioVersion = 16.0.33927.289
MinimumVisualStudioVersion = 10.0.40219.1
Project("{2150E333-8FDC-42A3-9474-1A3956D46DE8}") = "Task0", "Task0", "{E3AE6D17-19EF-48BE-8910-C51CED4FFAF9}"
EndProject
Project("{FAE04EC0-301F-11D3-BF4B-00C04F79EFBC}") = "Tyuiu.ZhdanovaAA.Sprint1.Task0.V7", "Tyuiu.ZhdanovaAA.Sprint1.Task0.V7\Tyuiu.ZhdanovaAA.Sprint1.Task0.V7.csproj", "{418E0A27-68DD-4E1F-8EB6-E64367D20385}"
EndProject
Project("{FAE04EC0-301F-11D3-BF4B-00C04F79EFBC}") = "Tyuiu.ZhdanovaAA.Sprint1.Task0.V7.Lib", "Tyuiu.ZhdanovaAA.Sprint1.Task0.V7.Lib\Tyuiu.ZhdanovaAA.Sprint1.Task0.V7.Lib.csproj", "{FB3FE55C-EF53-47E7-88F6-E758051FB85C}"
EndProject
Project("{FAE04EC0-301F-11D3-BF4B-00C04F79EFBC}") = "Tyuiu.ZhdanovaAA.Sprint1.Task0.V7.Test", "Tyuiu.ZhdanovaAA.Sprint1.Task0.V7.Test\Tyuiu.ZhdanovaAA.Sprint1.Task0.V7.Test.csproj", "{B665C0F1-618D-49C7-B1FE-A055899B8CB9}"
EndProject
Project("{2150E333-8FDC-42A3-9474-1A3956D46DE8}") = "Task1", "Task1", "{8245C321-B6C6-4374-8220-953DCD7A2B6B}"
EndProject
Project("{FAE04EC0-301F-11D3-BF4B-00C04F79EFBC}") = "Tyuiu.ZhdanovaAA.Sprint1.Task1.V13.Lib", "Tyuiu.ZhdanovaAA.Sprint1.Task1.V13.Lib\Tyuiu.ZhdanovaAA.Sprint1.Task1.V13.Lib.csproj", "{5F7B955E-96B9-445C-A8DC-8167067BD80F}"
EndProject
Project("{FAE04EC0-301F-11D3-BF4B-00C04F79EFBC}") = "Tyuiu.ZhdanovaAA.Sprint1.Task1.V13.Test", "Tyuiu.ZhdanovaAA.Sprint1.Task1.V13.Test\Tyuiu.ZhdanovaAA.Sprint1.Task1.V13.Test.csproj", "{ADB03239-D77E-4A88-ACF8-234082B15FD5}"
EndProject
Project("{FAE04EC0-301F-11D3-BF4B-00C04F79EFBC}") = "Tyuiu.ZhdanovaAA.Sprint1.Task1.V13", "Tyuiu.ZhdanovaAA.Sprint1.Task1.V13\Tyuiu.ZhdanovaAA.Sprint1.Task1.V13.csproj", "{0DA4C0A4-98C8-4C74-9904-CB7A938E4D1E}"
EndProject
Project("{2150E333-8FDC-42A3-9474-1A3956D46DE8}") = "Task2", "Task2", "{8FD91694-9C0B-4AB6-8351-326F45E649E1}"
EndProject
Project("{FAE04EC0-301F-11D3-BF4B-00C04F79EFBC}") = "Tyuiu.ZhdanovaAA.Sprint1.Task2.V4.Lib", "Tyuiu.ZhdanovaAA.Sprint1.Task2.V4.Lib\Tyuiu.ZhdanovaAA.Sprint1.Task2.V4.Lib.csproj", "{9ED14A3B-0CF2-4DC1-826D-54B24506C72E}"
EndProject
Project("{FAE04EC0-301F-11D3-BF4B-00C04F79EFBC}") = "Tyuiu.ZhdanovaAA.Sprint1.Task2.V4.Test", "Tyuiu.ZhdanovaAA.Sprint1.Task2.V4.Test\Tyuiu.ZhdanovaAA.Sprint1.Task2.V4.Test.csproj", "{47866FB7-7145-49D3-8664-EBAD6CB0F2D9}"
EndProject
Project("{FAE04EC0-301F-11D3-BF4B-00C04F79EFBC}") = "Tyuiu.ZhdanovaAA.Sprint1.Task2.V4", "Tyuiu.ZhdanovaAA.Sprint1.Task2.V4\Tyuiu.ZhdanovaAA.Sprint1.Task2.V4.csproj", "{DE84DB79-42A7-46F8-8A12-F4FB4AA46BE4}"
EndProject
Global
	GlobalSection(SolutionConfigurationPlatforms) = preSolution
		Debug|Any CPU = Debug|Any CPU
		Release|Any CPU = Release|Any CPU
	EndGlobalSection
	GlobalSection(ProjectConfigurationPlatforms) = postSolution
		{418E0A27-68DD-4E1F-8EB6-E64367D20385}.Debug|Any CPU.ActiveCfg = Debug|Any CPU
		{418E0A27-68DD-4E1F-8EB6-E64367D20385}.Debug|Any CPU.Build.0 = Debug|Any CPU
		{418E0A27-68DD-4E1F-8EB6-E64367D20385}.Release|Any CPU.ActiveCfg = Release|Any CPU
		{418E0A27-68DD-4E1F-8EB6-E64367D20385}.Release|Any CPU.Build.0 = Release|Any CPU
		{FB3FE55C-EF53-47E7-88F6-E758051FB85C}.Debug|Any CPU.ActiveCfg = Debug|Any CPU
		{FB3FE55C-EF53-47E7-88F6-E758051FB85C}.Debug|Any CPU.Build.0 = Debug|Any CPU
		{FB3FE55C-EF53-47E7-88F6-E758051FB85C}.Release|Any CPU.ActiveCfg = Release|Any CPU
		{FB3FE55C-EF53-47E7-88F6-E758051FB85C}.Release|Any CPU.Build.0 = Release|Any CPU
		{B665C0F1-618D-49C7-B1FE-A055899B8CB9}.Debug|Any CPU.ActiveCfg = Debug|Any CPU
		{B665C0F1-618D-49C7-B1FE-A055899B8CB9}.Debug|Any CPU.Build.0 = Debug|Any CPU
		{B665C0F1-618D-49C7-B1FE-A055899B8CB9}.Release|Any CPU.ActiveCfg = Release|Any CPU
		{B665C0F1-618D-49C7-B1FE-A055899B8CB9}.Release|Any CPU.Build.0 = Release|Any CPU
		{5F7B955E-96B9-445C-A8DC-8167067BD80F}.Debug|Any CPU.ActiveCfg = Debug|Any CPU
		{5F7B955E-96B9-445C-A8DC-8167067BD80F}.Debug|Any CPU.Build.0 = Debug|Any CPU
		{5F7B955E-96B9-445C-A8DC-8167067BD80F}.Release|Any CPU.ActiveCfg = Release|Any CPU
		{5F7B955E-96B9-445C-A8DC-8167067BD80F}.Release|Any CPU.Build.0 = Release|Any CPU
		{ADB03239-D77E-4A88-ACF8-234082B15FD5}.Debug|Any CPU.ActiveCfg = Debug|Any CPU
		{ADB03239-D77E-4A88-ACF8-234082B15FD5}.Debug|Any CPU.Build.0 = Debug|Any CPU
		{ADB03239-D77E-4A88-ACF8-234082B15FD5}.Release|Any CPU.ActiveCfg = Release|Any CPU
		{ADB03239-D77E-4A88-ACF8-234082B15FD5}.Release|Any CPU.Build.0 = Release|Any CPU
		{0DA4C0A4-98C8-4C74-9904-CB7A938E4D1E}.Debug|Any CPU.ActiveCfg = Debug|Any CPU
		{0DA4C0A4-98C8-4C74-9904-CB7A938E4D1E}.Debug|Any CPU.Build.0 = Debug|Any CPU
		{0DA4C0A4-98C8-4C74-9904-CB7A938E4D1E}.Release|Any CPU.ActiveCfg = Release|Any CPU
		{0DA4C0A4-98C8-4C74-9904-CB7A938E4D1E}.Release|Any CPU.Build.0 = Release|Any CPU
		{9ED14A3B-0CF2-4DC1-826D-54B24506C72E}.Debug|Any CPU.ActiveCfg = Debug|Any CPU
		{9ED14A3B-0CF2-4DC1-826D-54B24506C72E}.Debug|Any CPU.Build.0 = Debug|Any CPU
		{9ED14A3B-0CF2-4DC1-826D-54B24506C72E}.Release|Any CPU.ActiveCfg = Release|Any CPU
		{9ED14A3B-0CF2-4DC1-826D-54B24506C72E}.Release|Any CPU.Build.0 = Release|Any CPU
		{47866FB7-7145-49D3-8664-EBAD6CB0F2D9}.Debug|Any CPU.ActiveCfg = Debug|Any CPU
		{47866FB7-7145-49D3-8664-EBAD6CB0F2D9}.Debug|Any CPU.Build.0 = Debug|Any CPU
		{47866FB7-7145-49D3-8664-EBAD6CB0F2D9}.Release|Any CPU.ActiveCfg = Release|Any CPU
		{47866FB7-7145-49D3-8664-EBAD6CB0F2D9}.Release|Any CPU.Build.0 = Release|Any CPU
		{DE84DB79-42A7-46F8-8A12-F4FB4AA46BE4}.Debug|Any CPU.ActiveCfg = Debug|Any CPU
		{DE84DB79-42A7-46F8-8A12-F4FB4AA46BE4}.Debug|Any CPU.Build.0 = Debug|Any CPU
		{DE84DB79-42A7-46F8-8A12-F4FB4AA46BE4}.Release|Any CPU.ActiveCfg = Release|Any CPU
		{DE84DB79-42A7-46F8-8A12-F4FB4AA46BE4}.Release|Any CPU.Build.0 = Release|Any CPU
	EndGlobalSection
	GlobalSection(SolutionProperties) = preSolution
		HideSolutionNode = FALSE
	EndGlobalSection
	GlobalSection(NestedProjects) = preSolution
		{418E0A27-68DD-4E1F-8EB6-E64367D20385} = {E3AE6D17-19EF-48BE-8910-C51CED4FFAF9}
		{FB3FE55C-EF53-47E7-88F6-E758051FB85C} = {E3AE6D17-19EF-48BE-8910-C51CED4FFAF9}
		{B665C0F1-618D-49C7-B1FE-A055899B8CB9} = {E3AE6D17-19EF-48BE-8910-C51CED4FFAF9}
		{5F7B955E-96B9-445C-A8DC-8167067BD80F} = {8245C321-B6C6-4374-8220-953DCD7A2B6B}
		{ADB03239-D77E-4A88-ACF8-234082B15FD5} = {8245C321-B6C6-4374-8220-953DCD7A2B6B}
		{0DA4C0A4-98C8-4C74-9904-CB7A938E4D1E} = {8245C321-B6C6-4374-8220-953DCD7A2B6B}
		{9ED14A3B-0CF2-4DC1-826D-54B24506C72E} = {8FD91694-9C0B-4AB6-8351-326F45E649E1}
		{47866FB7-7145-49D3-8664-EBAD6CB0F2D9} = {8FD91694-9C0B-4AB6-8351-326F45E649E1}
		{DE84DB79-42A7-46F8-8A12-F4FB4AA46BE4} = {8FD91694-9C0B-4AB6-8351-326F45E649E1}
	EndGlobalSection
	GlobalSection(ExtensibilityGlobals) = postSolution
		SolutionGuid = {21A32093-DB37-42FC-8258-6D5996646664}
	EndGlobalSection
EndGlobal
